
Microsoft Visual Studio Solution File, Format Version 12.00
# Visual Studio 15
VisualStudioVersion = 15.0.28010.2050
MinimumVisualStudioVersion = 10.0.40219.1
Project("{FAE04EC0-301F-11D3-BF4B-00C04F79EFBC}") = "Cet.WebApi", "Cet.WebApi\Cet.WebApi.csproj", "{C9AE9312-E3BC-445A-B772-276DE0D60844}"
EndProject
Global
	GlobalSection(SolutionConfigurationPlatforms) = preSolution
		Debug|Any CPU = Debug|Any CPU
		Release|Any CPU = Release|Any CPU
	EndGlobalSection
	GlobalSection(ProjectConfigurationPlatforms) = postSolution
		{C9AE9312-E3BC-445A-B772-276DE0D60844}.Debug|Any CPU.ActiveCfg = Debug|Any CPU
		{C9AE9312-E3BC-445A-B772-276DE0D60844}.Debug|Any CPU.Build.0 = Debug|Any CPU
		{C9AE9312-E3BC-445A-B772-276DE0D60844}.Release|Any CPU.ActiveCfg = Release|Any CPU
		{C9AE9312-E3BC-445A-B772-276DE0D60844}.Release|Any CPU.Build.0 = Release|Any CPU
	EndGlobalSection
	GlobalSection(SolutionProperties) = preSolution
		HideSolutionNode = FALSE
	EndGlobalSection
	GlobalSection(ExtensibilityGlobals) = postSolution
		SolutionGuid = {16821F4D-26AB-4520-B0EE-A48C135FF168}
	EndGlobalSection
EndGlobal
