
Microsoft Visual Studio Solution File, Format Version 12.00
# Visual Studio 15
VisualStudioVersion = 15.0.28010.2050
MinimumVisualStudioVersion = 10.0.40219.1
Project("{9A19103F-16F7-4668-BE54-9A1E7A4F7556}") = "Cet.WebApi", "Cet.WebApi\Cet.WebApi.csproj", "{C9AE9312-E3BC-445A-B772-276DE0D60844}"
EndProject
Project("{9A19103F-16F7-4668-BE54-9A1E7A4F7556}") = "Cet.BusinessLogic", "Cet.BusinessLogic\Cet.BusinessLogic.csproj", "{969F53A6-8BDB-43C0-995F-D9F4095EEA72}"
EndProject
Project("{9A19103F-16F7-4668-BE54-9A1E7A4F7556}") = "Cet.Core", "Cet.Core\Cet.Core.csproj", "{898EC6D3-C79F-4C7E-997D-B972C8444315}"
EndProject
Project("{9A19103F-16F7-4668-BE54-9A1E7A4F7556}") = "Cet.DataAccess", "Cet.DataAccess\Cet.DataAccess.csproj", "{4204FD24-3C81-4116-BCC2-AB77E16CDA4A}"
EndProject
Project("{9A19103F-16F7-4668-BE54-9A1E7A4F7556}") = "Cet.Entities", "Cet.Entities\Cet.Entities.csproj", "{F12780E5-B853-4C30-9F3D-E5CA04D85E2F}"
EndProject
Global
	GlobalSection(SolutionConfigurationPlatforms) = preSolution
		Debug|Any CPU = Debug|Any CPU
		Release|Any CPU = Release|Any CPU
	EndGlobalSection
	GlobalSection(ProjectConfigurationPlatforms) = postSolution
		{C9AE9312-E3BC-445A-B772-276DE0D60844}.Debug|Any CPU.ActiveCfg = Debug|Any CPU
		{C9AE9312-E3BC-445A-B772-276DE0D60844}.Debug|Any CPU.Build.0 = Debug|Any CPU
		{C9AE9312-E3BC-445A-B772-276DE0D60844}.Release|Any CPU.ActiveCfg = Release|Any CPU
		{C9AE9312-E3BC-445A-B772-276DE0D60844}.Release|Any CPU.Build.0 = Release|Any CPU
		{969F53A6-8BDB-43C0-995F-D9F4095EEA72}.Debug|Any CPU.ActiveCfg = Debug|Any CPU
		{969F53A6-8BDB-43C0-995F-D9F4095EEA72}.Debug|Any CPU.Build.0 = Debug|Any CPU
		{969F53A6-8BDB-43C0-995F-D9F4095EEA72}.Release|Any CPU.ActiveCfg = Release|Any CPU
		{969F53A6-8BDB-43C0-995F-D9F4095EEA72}.Release|Any CPU.Build.0 = Release|Any CPU
		{898EC6D3-C79F-4C7E-997D-B972C8444315}.Debug|Any CPU.ActiveCfg = Debug|Any CPU
		{898EC6D3-C79F-4C7E-997D-B972C8444315}.Debug|Any CPU.Build.0 = Debug|Any CPU
		{898EC6D3-C79F-4C7E-997D-B972C8444315}.Release|Any CPU.ActiveCfg = Release|Any CPU
		{898EC6D3-C79F-4C7E-997D-B972C8444315}.Release|Any CPU.Build.0 = Release|Any CPU
		{4204FD24-3C81-4116-BCC2-AB77E16CDA4A}.Debug|Any CPU.ActiveCfg = Debug|Any CPU
		{4204FD24-3C81-4116-BCC2-AB77E16CDA4A}.Debug|Any CPU.Build.0 = Debug|Any CPU
		{4204FD24-3C81-4116-BCC2-AB77E16CDA4A}.Release|Any CPU.ActiveCfg = Release|Any CPU
		{4204FD24-3C81-4116-BCC2-AB77E16CDA4A}.Release|Any CPU.Build.0 = Release|Any CPU
		{F12780E5-B853-4C30-9F3D-E5CA04D85E2F}.Debug|Any CPU.ActiveCfg = Debug|Any CPU
		{F12780E5-B853-4C30-9F3D-E5CA04D85E2F}.Debug|Any CPU.Build.0 = Debug|Any CPU
		{F12780E5-B853-4C30-9F3D-E5CA04D85E2F}.Release|Any CPU.ActiveCfg = Release|Any CPU
		{F12780E5-B853-4C30-9F3D-E5CA04D85E2F}.Release|Any CPU.Build.0 = Release|Any CPU
	EndGlobalSection
	GlobalSection(SolutionProperties) = preSolution
		HideSolutionNode = FALSE
	EndGlobalSection
	GlobalSection(ExtensibilityGlobals) = postSolution
		SolutionGuid = {16821F4D-26AB-4520-B0EE-A48C135FF168}
	EndGlobalSection
EndGlobal
